{
    "name": "@tayga2410/node_1-mod",
    "version": "2.1.0",
    "lockfileVersion": 3,
    "requires": true,
    "packages": {
        "": {
            "name": "@tayga2410/node_1-mod",
            "version": "2.1.0",
            "dependencies": {
                "@tayga2410/node_1-mod": "^1.0.0"
            }
        },
        "node_modules/@tayga2410/node_1-mod": {
            "version": "1.0.0",
            "resolved": "https://registry.npmjs.org/@tayga2410/node_1-mod/-/node_1-mod-1.0.0.tgz",
            "integrity": "sha512-Y+I4ji8yCxBrvYOi8/HdGT2R5kdJ1oxJxp5KJUCpnQV7kEvZxH973hV4luKTv+pJ2d4CHZS97Vnzm14M3hT0Zw=="
        }
    }
}
